
Microsoft Visual Studio Solution File, Format Version 12.00
# Visual Studio 15
VisualStudioVersion = 15.0.28307.168
MinimumVisualStudioVersion = 10.0.40219.1
Project("{FAE04EC0-301F-11D3-BF4B-00C04F79EFBC}") = "C0726031_C0727100", "C0726031_C0727100\C0726031_C0727100.csproj", "{D54083BE-F04F-43B8-AB83-1C0B45F760F2}"
EndProject
Global
	GlobalSection(SolutionConfigurationPlatforms) = preSolution
		Debug|Any CPU = Debug|Any CPU
		Release|Any CPU = Release|Any CPU
	EndGlobalSection
	GlobalSection(ProjectConfigurationPlatforms) = postSolution
		{D54083BE-F04F-43B8-AB83-1C0B45F760F2}.Debug|Any CPU.ActiveCfg = Debug|Any CPU
		{D54083BE-F04F-43B8-AB83-1C0B45F760F2}.Debug|Any CPU.Build.0 = Debug|Any CPU
		{D54083BE-F04F-43B8-AB83-1C0B45F760F2}.Release|Any CPU.ActiveCfg = Release|Any CPU
		{D54083BE-F04F-43B8-AB83-1C0B45F760F2}.Release|Any CPU.Build.0 = Release|Any CPU
	EndGlobalSection
	GlobalSection(SolutionProperties) = preSolution
		HideSolutionNode = FALSE
	EndGlobalSection
	GlobalSection(ExtensibilityGlobals) = postSolution
		SolutionGuid = {D83BC9E4-8E06-4D8B-A5E8-A448BDA35F24}
	EndGlobalSection
EndGlobal
